
Microsoft Visual Studio Solution File, Format Version 12.00
# Visual Studio Version 17
VisualStudioVersion = 17.8.34330.188
MinimumVisualStudioVersion = 10.0.40219.1
Project("{9A19103F-16F7-4668-BE54-9A1E7A4F7556}") = "cl2j.Tooling", "cl2j.Tooling\cl2j.Tooling.csproj", "{1CAFC920-A109-4463-A1DC-8BC7160C19E3}"
EndProject
Project("{9A19103F-16F7-4668-BE54-9A1E7A4F7556}") = "cl2j.FileStorage", "cl2j.FileStorage\cl2j.FileStorage\cl2j.FileStorage.csproj", "{A4E2E24D-E228-41C8-BA5C-2E4932B639FC}"
EndProject
Project("{9A19103F-16F7-4668-BE54-9A1E7A4F7556}") = "cl2j.FileStorage.Provider.AzureBlobStorage", "cl2j.FileStorage\cl2j.FileStorage.Provider.AzureBlobStorage\cl2j.FileStorage.Provider.AzureBlobStorage.csproj", "{8C27E6FF-5CAC-4722-8CEB-D33D3556E902}"
EndProject
Project("{9A19103F-16F7-4668-BE54-9A1E7A4F7556}") = "cl2j.Logging", "cl2j.Logging\cl2j.Logging\cl2j.Logging.csproj", "{A682A4A5-2776-4529-9299-B51B7774AA80}"
EndProject
Project("{9A19103F-16F7-4668-BE54-9A1E7A4F7556}") = "cl2j.Logging.TestApp", "cl2j.Logging\cl2j.Logging.TestApp\cl2j.Logging.TestApp.csproj", "{2A2B6469-F53D-4666-8E3B-E007D0EF5309}"
EndProject
Project("{9A19103F-16F7-4668-BE54-9A1E7A4F7556}") = "cl2j.FileStorage.TestApp", "cl2j.FileStorage\cl2j.FileStorage.TestApp\cl2j.FileStorage.TestApp.csproj", "{F9AD0465-0B5B-4938-95E8-6FFB0F3ED9E0}"
EndProject
Project("{9A19103F-16F7-4668-BE54-9A1E7A4F7556}") = "cl2j.DataStore", "cl2j.DataStore\cl2j.DataStore\cl2j.DataStore.csproj", "{A4707702-4263-48B4-98C9-AA146B7F4F52}"
EndProject
Project("{9A19103F-16F7-4668-BE54-9A1E7A4F7556}") = "cl2j.DataStore.TestApp", "cl2j.DataStore\cl2j.DataStore.TestApp\cl2j.DataStore.TestApp.csproj", "{C35FB2E3-3914-4C63-B4DC-C7FEB2446891}"
EndProject
Project("{9A19103F-16F7-4668-BE54-9A1E7A4F7556}") = "cl2j.DataStore.Database", "cl2j.DataStore\cl2j.DataStore.Database\cl2j.DataStore.Database.csproj", "{1D630405-E849-484D-82F3-46362E1AE8E7}"
EndProject
Project("{9A19103F-16F7-4668-BE54-9A1E7A4F7556}") = "cl2j.Smapper", "cl2j.Smapper\cl2j.Smapper.csproj", "{46E69B19-D9DF-4318-A9F3-74B0F088B60E}"
EndProject
Project("{2150E333-8FDC-42A3-9474-1A3956D46DE8}") = "DataStore", "DataStore", "{45FE15B9-D461-4EFC-A3BF-0D0CDF8BC28D}"
EndProject
Project("{2150E333-8FDC-42A3-9474-1A3956D46DE8}") = "FileStorage", "FileStorage", "{8CA8DD4E-3D25-4D8E-9D9C-D72B25E2FEB8}"
EndProject
Project("{2150E333-8FDC-42A3-9474-1A3956D46DE8}") = "Logging", "Logging", "{D8E327C0-E732-4ADD-87EA-D932F368FE57}"
EndProject
Project("{2150E333-8FDC-42A3-9474-1A3956D46DE8}") = "Scripting", "Scripting", "{959AADCC-276A-41C1-BDD2-05F2C63EF298}"
EndProject
Project("{9A19103F-16F7-4668-BE54-9A1E7A4F7556}") = "cl2j.Scripting", "cl2j.Scripting\cl2j.Scripting\cl2j.Scripting.csproj", "{2B4A773D-E40E-4B15-9A33-EBC0D07F4A82}"
EndProject
Project("{FAE04EC0-301F-11D3-BF4B-00C04F79EFBC}") = "cl2j.Scripting.Tests", "cl2j.Scripting\cl2j.Scripting.Tests\cl2j.Scripting.Tests.csproj", "{5180A8F1-681C-4F38-A5C3-70C9C55AD18F}"
EndProject
Global
	GlobalSection(SolutionConfigurationPlatforms) = preSolution
		Debug|Any CPU = Debug|Any CPU
		Release|Any CPU = Release|Any CPU
	EndGlobalSection
	GlobalSection(ProjectConfigurationPlatforms) = postSolution
		{1CAFC920-A109-4463-A1DC-8BC7160C19E3}.Debug|Any CPU.ActiveCfg = Debug|Any CPU
		{1CAFC920-A109-4463-A1DC-8BC7160C19E3}.Debug|Any CPU.Build.0 = Debug|Any CPU
		{1CAFC920-A109-4463-A1DC-8BC7160C19E3}.Release|Any CPU.ActiveCfg = Release|Any CPU
		{1CAFC920-A109-4463-A1DC-8BC7160C19E3}.Release|Any CPU.Build.0 = Release|Any CPU
		{A4E2E24D-E228-41C8-BA5C-2E4932B639FC}.Debug|Any CPU.ActiveCfg = Debug|Any CPU
		{A4E2E24D-E228-41C8-BA5C-2E4932B639FC}.Debug|Any CPU.Build.0 = Debug|Any CPU
		{A4E2E24D-E228-41C8-BA5C-2E4932B639FC}.Release|Any CPU.ActiveCfg = Release|Any CPU
		{A4E2E24D-E228-41C8-BA5C-2E4932B639FC}.Release|Any CPU.Build.0 = Release|Any CPU
		{8C27E6FF-5CAC-4722-8CEB-D33D3556E902}.Debug|Any CPU.ActiveCfg = Debug|Any CPU
		{8C27E6FF-5CAC-4722-8CEB-D33D3556E902}.Debug|Any CPU.Build.0 = Debug|Any CPU
		{8C27E6FF-5CAC-4722-8CEB-D33D3556E902}.Release|Any CPU.ActiveCfg = Release|Any CPU
		{8C27E6FF-5CAC-4722-8CEB-D33D3556E902}.Release|Any CPU.Build.0 = Release|Any CPU
		{A682A4A5-2776-4529-9299-B51B7774AA80}.Debug|Any CPU.ActiveCfg = Debug|Any CPU
		{A682A4A5-2776-4529-9299-B51B7774AA80}.Debug|Any CPU.Build.0 = Debug|Any CPU
		{A682A4A5-2776-4529-9299-B51B7774AA80}.Release|Any CPU.ActiveCfg = Release|Any CPU
		{A682A4A5-2776-4529-9299-B51B7774AA80}.Release|Any CPU.Build.0 = Release|Any CPU
		{2A2B6469-F53D-4666-8E3B-E007D0EF5309}.Debug|Any CPU.ActiveCfg = Debug|Any CPU
		{2A2B6469-F53D-4666-8E3B-E007D0EF5309}.Debug|Any CPU.Build.0 = Debug|Any CPU
		{2A2B6469-F53D-4666-8E3B-E007D0EF5309}.Release|Any CPU.ActiveCfg = Release|Any CPU
		{2A2B6469-F53D-4666-8E3B-E007D0EF5309}.Release|Any CPU.Build.0 = Release|Any CPU
		{F9AD0465-0B5B-4938-95E8-6FFB0F3ED9E0}.Debug|Any CPU.ActiveCfg = Debug|Any CPU
		{F9AD0465-0B5B-4938-95E8-6FFB0F3ED9E0}.Debug|Any CPU.Build.0 = Debug|Any CPU
		{F9AD0465-0B5B-4938-95E8-6FFB0F3ED9E0}.Release|Any CPU.ActiveCfg = Release|Any CPU
		{F9AD0465-0B5B-4938-95E8-6FFB0F3ED9E0}.Release|Any CPU.Build.0 = Release|Any CPU
		{A4707702-4263-48B4-98C9-AA146B7F4F52}.Debug|Any CPU.ActiveCfg = Debug|Any CPU
		{A4707702-4263-48B4-98C9-AA146B7F4F52}.Debug|Any CPU.Build.0 = Debug|Any CPU
		{A4707702-4263-48B4-98C9-AA146B7F4F52}.Release|Any CPU.ActiveCfg = Release|Any CPU
		{A4707702-4263-48B4-98C9-AA146B7F4F52}.Release|Any CPU.Build.0 = Release|Any CPU
		{C35FB2E3-3914-4C63-B4DC-C7FEB2446891}.Debug|Any CPU.ActiveCfg = Debug|Any CPU
		{C35FB2E3-3914-4C63-B4DC-C7FEB2446891}.Debug|Any CPU.Build.0 = Debug|Any CPU
		{C35FB2E3-3914-4C63-B4DC-C7FEB2446891}.Release|Any CPU.ActiveCfg = Release|Any CPU
		{C35FB2E3-3914-4C63-B4DC-C7FEB2446891}.Release|Any CPU.Build.0 = Release|Any CPU
		{1D630405-E849-484D-82F3-46362E1AE8E7}.Debug|Any CPU.ActiveCfg = Debug|Any CPU
		{1D630405-E849-484D-82F3-46362E1AE8E7}.Debug|Any CPU.Build.0 = Debug|Any CPU
		{1D630405-E849-484D-82F3-46362E1AE8E7}.Release|Any CPU.ActiveCfg = Release|Any CPU
		{1D630405-E849-484D-82F3-46362E1AE8E7}.Release|Any CPU.Build.0 = Release|Any CPU
		{46E69B19-D9DF-4318-A9F3-74B0F088B60E}.Debug|Any CPU.ActiveCfg = Debug|Any CPU
		{46E69B19-D9DF-4318-A9F3-74B0F088B60E}.Debug|Any CPU.Build.0 = Debug|Any CPU
		{46E69B19-D9DF-4318-A9F3-74B0F088B60E}.Release|Any CPU.ActiveCfg = Release|Any CPU
		{46E69B19-D9DF-4318-A9F3-74B0F088B60E}.Release|Any CPU.Build.0 = Release|Any CPU
		{2B4A773D-E40E-4B15-9A33-EBC0D07F4A82}.Debug|Any CPU.ActiveCfg = Debug|Any CPU
		{2B4A773D-E40E-4B15-9A33-EBC0D07F4A82}.Debug|Any CPU.Build.0 = Debug|Any CPU
		{2B4A773D-E40E-4B15-9A33-EBC0D07F4A82}.Release|Any CPU.ActiveCfg = Release|Any CPU
		{2B4A773D-E40E-4B15-9A33-EBC0D07F4A82}.Release|Any CPU.Build.0 = Release|Any CPU
		{5180A8F1-681C-4F38-A5C3-70C9C55AD18F}.Debug|Any CPU.ActiveCfg = Debug|Any CPU
		{5180A8F1-681C-4F38-A5C3-70C9C55AD18F}.Debug|Any CPU.Build.0 = Debug|Any CPU
		{5180A8F1-681C-4F38-A5C3-70C9C55AD18F}.Release|Any CPU.ActiveCfg = Release|Any CPU
		{5180A8F1-681C-4F38-A5C3-70C9C55AD18F}.Release|Any CPU.Build.0 = Release|Any CPU
	EndGlobalSection
	GlobalSection(SolutionProperties) = preSolution
		HideSolutionNode = FALSE
	EndGlobalSection
	GlobalSection(NestedProjects) = preSolution
		{A4E2E24D-E228-41C8-BA5C-2E4932B639FC} = {8CA8DD4E-3D25-4D8E-9D9C-D72B25E2FEB8}
		{8C27E6FF-5CAC-4722-8CEB-D33D3556E902} = {8CA8DD4E-3D25-4D8E-9D9C-D72B25E2FEB8}
		{A682A4A5-2776-4529-9299-B51B7774AA80} = {D8E327C0-E732-4ADD-87EA-D932F368FE57}
		{2A2B6469-F53D-4666-8E3B-E007D0EF5309} = {D8E327C0-E732-4ADD-87EA-D932F368FE57}
		{F9AD0465-0B5B-4938-95E8-6FFB0F3ED9E0} = {8CA8DD4E-3D25-4D8E-9D9C-D72B25E2FEB8}
		{A4707702-4263-48B4-98C9-AA146B7F4F52} = {45FE15B9-D461-4EFC-A3BF-0D0CDF8BC28D}
		{C35FB2E3-3914-4C63-B4DC-C7FEB2446891} = {45FE15B9-D461-4EFC-A3BF-0D0CDF8BC28D}
		{1D630405-E849-484D-82F3-46362E1AE8E7} = {45FE15B9-D461-4EFC-A3BF-0D0CDF8BC28D}
		{2B4A773D-E40E-4B15-9A33-EBC0D07F4A82} = {959AADCC-276A-41C1-BDD2-05F2C63EF298}
		{5180A8F1-681C-4F38-A5C3-70C9C55AD18F} = {959AADCC-276A-41C1-BDD2-05F2C63EF298}
	EndGlobalSection
	GlobalSection(ExtensibilityGlobals) = postSolution
		SolutionGuid = {70631E14-7EDD-4BA4-BE2E-508EAA356B65}
	EndGlobalSection
EndGlobal
